<?xml version="1.0" encoding="utf-8"?>
<Project ToolsVersion="4.0" xmlns="http://schemas.microsoft.com/developer/msbuild/2003">
  <ItemGroup>
    <Filter Include="Source Files">
      <UniqueIdentifier>{4FC737F1-C7A5-4376-A066-2A32D752A2FF}</UniqueIdentifier>
      <Extensions>cpp;c;cc;cxx;def;odl;idl;hpj;bat;asm;asmx</Extensions>
    </Filter>
    <Filter Include="Header Files">
      <UniqueIdentifier>{93995380-89BD-4b04-88EB-625FBE52EBFB}</UniqueIdentifier>
      <Extensions>h;hpp;hxx;hm;inl;inc;xsd</Extensions>
    </Filter>
    <Filter Include="Resource Files">
      <UniqueIdentifier>{67DA6AB6-F800-4c08-8B7A-83BB121AAD01}</UniqueIdentifier>
      <Extensions>rc;ico;cur;bmp;dlg;rc2;rct;bin;rgs;gif;jpg;jpeg;jpe;resx;tiff;tif;png;wav</Extensions>
    </Filter>
  </ItemGroup>
  <ItemGroup>
    <ClCompile Include="ColorSpaceConversion.cpp">
      <Filter>Source Files</Filter>
    </ClCompile>
    <ClCompile Include="MpegTS_ChunkEncoder.cpp">
      <Filter>Source Files</Filter>
    </ClCompile>
    <ClCompile Include="PES_TS.cpp">
      <Filter>Source Files</Filter>
    </ClCompile>
    <ClCompile Include="stdafx.cpp">
      <Filter>Source Files</Filter>
    </ClCompile>
  </ItemGroup>
  <ItemGroup>
    <None Include="MpegTS_ChunkEncoder.def">
      <Filter>Source Files</Filter>
    </None>
    <None Include="bin\avcodec-52.dll" />
    <None Include="bin\avdevice-52.dll" />
    <None Include="bin\avformat-52.dll" />
    <None Include="bin\avutil-50.dll" />
    <None Include="bin\fwBase.dll" />
    <None Include="bin\fwImage.dll" />
  </ItemGroup>
  <ItemGroup>
    <ClInclude Include="include\libavutil\adler32.h">
      <Filter>Header Files</Filter>
    </ClInclude>
    <ClInclude Include="include\libavcodec\avcodec.h">
      <Filter>Header Files</Filter>
    </ClInclude>
    <ClInclude Include="include\libavdevice\avdevice.h">
      <Filter>Header Files</Filter>
    </ClInclude>
    <ClInclude Include="include\libavformat\avformat.h">
      <Filter>Header Files</Filter>
    </ClInclude>
    <ClInclude Include="include\libavformat\avio.h">
      <Filter>Header Files</Filter>
    </ClInclude>
    <ClInclude Include="include\libavutil\avstring.h">
      <Filter>Header Files</Filter>
    </ClInclude>
    <ClInclude Include="include\libavutil\avutil.h">
      <Filter>Header Files</Filter>
    </ClInclude>
    <ClInclude Include="include\libavutil\base64.h">
      <Filter>Header Files</Filter>
    </ClInclude>
    <ClInclude Include="include\libavutil\common.h">
      <Filter>Header Files</Filter>
    </ClInclude>
    <ClInclude Include="include\libavutil\crc.h">
      <Filter>Header Files</Filter>
    </ClInclude>
    <ClInclude Include="include\libavutil\fifo.h">
      <Filter>Header Files</Filter>
    </ClInclude>
    <ClInclude Include="include\FrameWave\fwBase.h">
      <Filter>Header Files</Filter>
    </ClInclude>
    <ClInclude Include="include\FrameWave\fwImage.h">
      <Filter>Header Files</Filter>
    </ClInclude>
    <ClInclude Include="include\libavutil\intfloat_readwrite.h">
      <Filter>Header Files</Filter>
    </ClInclude>
    <ClInclude Include="include\inttypes.h">
      <Filter>Header Files</Filter>
    </ClInclude>
    <ClInclude Include="include\libavutil\log.h">
      <Filter>Header Files</Filter>
    </ClInclude>
    <ClInclude Include="include\libavutil\lzo.h">
      <Filter>Header Files</Filter>
    </ClInclude>
    <ClInclude Include="include\libavutil\mathematics.h">
      <Filter>Header Files</Filter>
    </ClInclude>
    <ClInclude Include="include\libavutil\md5.h">
      <Filter>Header Files</Filter>
    </ClInclude>
    <ClInclude Include="include\libavutil\mem.h">
      <Filter>Header Files</Filter>
    </ClInclude>
    <ClInclude Include="MpegTS_ChunkEncoder.h">
      <Filter>Header Files</Filter>
    </ClInclude>
    <ClInclude Include="include\libavcodec\opt.h">
      <Filter>Header Files</Filter>
    </ClInclude>
    <ClInclude Include="include\libavutil\pixfmt.h">
      <Filter>Header Files</Filter>
    </ClInclude>
    <ClInclude Include="include\libavutil\rational.h">
      <Filter>Header Files</Filter>
    </ClInclude>
    <ClInclude Include="include\libavutil\sha1.h">
      <Filter>Header Files</Filter>
    </ClInclude>
    <ClInclude Include="stdafx.h">
      <Filter>Header Files</Filter>
    </ClInclude>
    <ClInclude Include="include\stdint.h">
      <Filter>Header Files</Filter>
    </ClInclude>
    <ClInclude Include="include\libswscale\swscale.h">
      <Filter>Header Files</Filter>
    </ClInclude>
    <ClInclude Include="targetver.h">
      <Filter>Header Files</Filter>
    </ClInclude>
    <ClInclude Include="include\libavcodec\vdpau.h">
      <Filter>Header Files</Filter>
    </ClInclude>
    <ClInclude Include="YUVMultipliers.h">
      <Filter>Header Files</Filter>
    </ClInclude>
  </ItemGroup>
  <ItemGroup>
    <Library Include="lib\avcodec.lib" />
    <Library Include="lib\avdevice.lib" />
    <Library Include="lib\avformat.lib" />
    <Library Include="lib\avutil.lib" />
    <Library Include="lib\fwBase.lib" />
    <Library Include="lib\fwImage.lib" />
  </ItemGroup>
</Project>